// !$*UTF8*$!
{
	archiveVersion = 1;
	classes = {
	};
	objectVersion = 77;
	objects = {

/* Begin PBXContainerItemProxy section */
		9B2E25A52D2241EA00BCB288 /* PBXContainerItemProxy */ = {
			isa = PBXContainerItemProxy;
			containerPortal = 9B2E258A2D2241E800BCB288 /* Project object */;
			proxyType = 1;
			remoteGlobalIDString = 9B2E25912D2241E800BCB288;
			remoteInfo = MoneyCounter;
		};
		9B2E25AF2D2241EA00BCB288 /* PBXContainerItemProxy */ = {
			isa = PBXContainerItemProxy;
			containerPortal = 9B2E258A2D2241E800BCB288 /* Project object */;
			proxyType = 1;
			remoteGlobalIDString = 9B2E25912D2241E800BCB288;
			remoteInfo = MoneyCounter;
		};
/* End PBXContainerItemProxy section */

/* Begin PBXFileReference section */
		9B2E25922D2241E800BCB288 /* MoneyCounter.app */ = {isa = PBXFileReference; explicitFileType = wrapper.application; includeInIndex = 0; path = MoneyCounter.app; sourceTree = BUILT_PRODUCTS_DIR; };
		9B2E25A42D2241EA00BCB288 /* MoneyCounterTests.xctest */ = {isa = PBXFileReference; explicitFileType = wrapper.cfbundle; includeInIndex = 0; path = MoneyCounterTests.xctest; sourceTree = BUILT_PRODUCTS_DIR; };
		9B2E25AE2D2241EA00BCB288 /* MoneyCounterUITests.xctest */ = {isa = PBXFileReference; explicitFileType = wrapper.cfbundle; includeInIndex = 0; path = MoneyCounterUITests.xctest; sourceTree = BUILT_PRODUCTS_DIR; };
/* End PBXFileReference section */

/* Begin PBXFileSystemSynchronizedRootGroup section */
		9B2E25942D2241E800BCB288 /* MoneyCounter */ = {
			isa = PBXFileSystemSynchronizedRootGroup;
			path = MoneyCounter;
			sourceTree = "<group>";
		};
		9B2E25A72D2241EA00BCB288 /* MoneyCounterTests */ = {
			isa = PBXFileSystemSynchronizedRootGroup;
			path = MoneyCounterTests;
			sourceTree = "<group>";
		};
		9B2E25B12D2241EA00BCB288 /* MoneyCounterUITests */ = {
			isa = PBXFileSystemSynchronizedRootGroup;
			path = MoneyCounterUITests;
			sourceTree = "<group>";
		};
/* End PBXFileSystemSynchronizedRootGroup section */

/* Begin PBXFrameworksBuildPhase section */
		9B2E258F2D2241E800BCB288 /* Frameworks */ = {
			isa = PBXFrameworksBuildPhase;
			buildActionMask = 2147483647;
			files = (
			);
			runOnlyForDeploymentPostprocessing = 0;
		};
		9B2E25A12D2241EA00BCB288 /* Frameworks */ = {
			isa = PBXFrameworksBuildPhase;
			buildActionMask = 2147483647;
			files = (
			);
			runOnlyForDeploymentPostprocessing = 0;
		};
		9B2E25AB2D2241EA00BCB288 /* Frameworks */ = {
			isa = PBXFrameworksBuildPhase;
			buildActionMask = 2147483647;
			files = (
			);
			runOnlyForDeploymentPostprocessing = 0;
		};
/* End PBXFrameworksBuildPhase section */

/* Begin PBXGroup section */
		9B2E25892D2241E800BCB288 = {
			isa = PBXGroup;
			children = (
				9B2E25942D2241E800BCB288 /* MoneyCounter */,
				9B2E25A72D2241EA00BCB288 /* MoneyCounterTests */,
				9B2E25B12D2241EA00BCB288 /* MoneyCounterUITests */,
				9B2E25932D2241E800BCB288 /* Products */,
			);
			sourceTree = "<group>";
		};
		9B2E25932D2241E800BCB288 /* Products */ = {
			isa = PBXGroup;
			children = (
				9B2E25922D2241E800BCB288 /* MoneyCounter.app */,
				9B2E25A42D2241EA00BCB288 /* MoneyCounterTests.xctest */,
				9B2E25AE2D2241EA00BCB288 /* MoneyCounterUITests.xctest */,
			);
			name = Products;
			sourceTree = "<group>";
		};
/* End PBXGroup section */

/* Begin PBXNativeTarget section */
		9B2E25912D2241E800BCB288 /* MoneyCounter */ = {
			isa = PBXNativeTarget;
			buildConfigurationList = 9B2E25B82D2241EA00BCB288 /* Build configuration list for PBXNativeTarget "MoneyCounter" */;
			buildPhases = (
				9B2E258E2D2241E800BCB288 /* Sources */,
				9B2E258F2D2241E800BCB288 /* Frameworks */,
				9B2E25902D2241E800BCB288 /* Resources */,
			);
			buildRules = (
			);
			dependencies = (
			);
			fileSystemSynchronizedGroups = (
				9B2E25942D2241E800BCB288 /* MoneyCounter */,
			);
			name = MoneyCounter;
			packageProductDependencies = (
			);
			productName = MoneyCounter;
			productReference = 9B2E25922D2241E800BCB288 /* MoneyCounter.app */;
			productType = "com.apple.product-type.application";
		};
		9B2E25A32D2241EA00BCB288 /* MoneyCounterTests */ = {
			isa = PBXNativeTarget;
			buildConfigurationList = 9B2E25BB2D2241EA00BCB288 /* Build configuration list for PBXNativeTarget "MoneyCounterTests" */;
			buildPhases = (
				9B2E25A02D2241EA00BCB288 /* Sources */,
				9B2E25A12D2241EA00BCB288 /* Frameworks */,
				9B2E25A22D2241EA00BCB288 /* Resources */,
			);
			buildRules = (
			);
			dependencies = (
				9B2E25A62D2241EA00BCB288 /* PBXTargetDependency */,
			);
			fileSystemSynchronizedGroups = (
				9B2E25A72D2241EA00BCB288 /* MoneyCounterTests */,
			);
			name = MoneyCounterTests;
			packageProductDependencies = (
			);
			productName = MoneyCounterTests;
			productReference = 9B2E25A42D2241EA00BCB288 /* MoneyCounterTests.xctest */;
			productType = "com.apple.product-type.bundle.unit-test";
		};
		9B2E25AD2D2241EA00BCB288 /* MoneyCounterUITests */ = {
			isa = PBXNativeTarget;
			buildConfigurationList = 9B2E25BE2D2241EA00BCB288 /* Build configuration list for PBXNativeTarget "MoneyCounterUITests" */;
			buildPhases = (
				9B2E25AA2D2241EA00BCB288 /* Sources */,
				9B2E25AB2D2241EA00BCB288 /* Frameworks */,
				9B2E25AC2D2241EA00BCB288 /* Resources */,
			);
			buildRules = (
			);
			dependencies = (
				9B2E25B02D2241EA00BCB288 /* PBXTargetDependency */,
			);
			fileSystemSynchronizedGroups = (
				9B2E25B12D2241EA00BCB288 /* MoneyCounterUITests */,
			);
			name = MoneyCounterUITests;
			packageProductDependencies = (
			);
			productName = MoneyCounterUITests;
			productReference = 9B2E25AE2D2241EA00BCB288 /* MoneyCounterUITests.xctest */;
			productType = "com.apple.product-type.bundle.ui-testing";
		};
/* End PBXNativeTarget section */

/* Begin PBXProject section */
		9B2E258A2D2241E800BCB288 /* Project object */ = {
			isa = PBXProject;
			attributes = {
				BuildIndependentTargetsInParallel = 1;
				LastSwiftUpdateCheck = 1600;
				LastUpgradeCheck = 1600;
				TargetAttributes = {
					9B2E25912D2241E800BCB288 = {
						CreatedOnToolsVersion = 16.0;
					};
					9B2E25A32D2241EA00BCB288 = {
						CreatedOnToolsVersion = 16.0;
						TestTargetID = 9B2E25912D2241E800BCB288;
					};
					9B2E25AD2D2241EA00BCB288 = {
						CreatedOnToolsVersion = 16.0;
						TestTargetID = 9B2E25912D2241E800BCB288;
					};
				};
			};
			buildConfigurationList = 9B2E258D2D2241E800BCB288 /* Build configuration list for PBXProject "MoneyCounter" */;
			developmentRegion = en;
			hasScannedForEncodings = 0;
			knownRegions = (
				en,
				Base,
			);
			mainGroup = 9B2E25892D2241E800BCB288;
			minimizedProjectReferenceProxies = 1;
			preferredProjectObjectVersion = 77;
			productRefGroup = 9B2E25932D2241E800BCB288 /* Products */;
			projectDirPath = "";
			projectRoot = "";
			targets = (
				9B2E25912D2241E800BCB288 /* MoneyCounter */,
				9B2E25A32D2241EA00BCB288 /* MoneyCounterTests */,
				9B2E25AD2D2241EA00BCB288 /* MoneyCounterUITests */,
			);
		};
/* End PBXProject section */

/* Begin PBXResourcesBuildPhase section */
		9B2E25902D2241E800BCB288 /* Resources */ = {
			isa = PBXResourcesBuildPhase;
			buildActionMask = 2147483647;
			files = (
			);
			runOnlyForDeploymentPostprocessing = 0;
		};
		9B2E25A22D2241EA00BCB288 /* Resources */ = {
			isa = PBXResourcesBuildPhase;
			buildActionMask = 2147483647;
			files = (
			);
			runOnlyForDeploymentPostprocessing = 0;
		};
		9B2E25AC2D2241EA00BCB288 /* Resources */ = {
			isa = PBXResourcesBuildPhase;
			buildActionMask = 2147483647;
			files = (
			);
			runOnlyForDeploymentPostprocessing = 0;
		};
/* End PBXResourcesBuildPhase section */

/* Begin PBXSourcesBuildPhase section */
		9B2E258E2D2241E800BCB288 /* Sources */ = {
			isa = PBXSourcesBuildPhase;
			buildActionMask = 2147483647;
			files = (
			);
			runOnlyForDeploymentPostprocessing = 0;
		};
		9B2E25A02D2241EA00BCB288 /* Sources */ = {
			isa = PBXSourcesBuildPhase;
			buildActionMask = 2147483647;
			files = (
			);
			runOnlyForDeploymentPostprocessing = 0;
		};
		9B2E25AA2D2241EA00BCB288 /* Sources */ = {
			isa = PBXSourcesBuildPhase;
			buildActionMask = 2147483647;
			files = (
			);
			runOnlyForDeploymentPostprocessing = 0;
		};
/* End PBXSourcesBuildPhase section */

/* Begin PBXTargetDependency section */
		9B2E25A62D2241EA00BCB288 /* PBXTargetDependency */ = {
			isa = PBXTargetDependency;
			target = 9B2E25912D2241E800BCB288 /* MoneyCounter */;
			targetProxy = 9B2E25A52D2241EA00BCB288 /* PBXContainerItemProxy */;
		};
		9B2E25B02D2241EA00BCB288 /* PBXTargetDependency */ = {
			isa = PBXTargetDependency;
			target = 9B2E25912D2241E800BCB288 /* MoneyCounter */;
			targetProxy = 9B2E25AF2D2241EA00BCB288 /* PBXContainerItemProxy */;
		};
/* End PBXTargetDependency section */

/* Begin XCBuildConfiguration section */
		9B2E25B62D2241EA00BCB288 /* Debug */ = {
			isa = XCBuildConfiguration;
			buildSettings = {
				ALWAYS_SEARCH_USER_PATHS = NO;
				ASSETCATALOG_COMPILER_GENERATE_SWIFT_ASSET_SYMBOL_EXTENSIONS = YES;
				CLANG_ANALYZER_NONNULL = YES;
				CLANG_ANALYZER_NUMBER_OBJECT_CONVERSION = YES_AGGRESSIVE;
				CLANG_CXX_LANGUAGE_STANDARD = "gnu++20";
				CLANG_ENABLE_MODULES = YES;
				CLANG_ENABLE_OBJC_ARC = YES;
				CLANG_ENABLE_OBJC_WEAK = YES;
				CLANG_WARN_BLOCK_CAPTURE_AUTORELEASING = YES;
				CLANG_WARN_BOOL_CONVERSION = YES;
				CLANG_WARN_COMMA = YES;
				CLANG_WARN_CONSTANT_CONVERSION = YES;
				CLANG_WARN_DEPRECATED_OBJC_IMPLEMENTATIONS = YES;
				CLANG_WARN_DIRECT_OBJC_ISA_USAGE = YES_ERROR;
				CLANG_WARN_DOCUMENTATION_COMMENTS = YES;
				CLANG_WARN_EMPTY_BODY = YES;
				CLANG_WARN_ENUM_CONVERSION = YES;
				CLANG_WARN_INFINITE_RECURSION = YES;
				CLANG_WARN_INT_CONVERSION = YES;
				CLANG_WARN_NON_LITERAL_NULL_CONVERSION = YES;
				CLANG_WARN_OBJC_IMPLICIT_RETAIN_SELF = YES;
				CLANG_WARN_OBJC_LITERAL_CONVERSION = YES;
				CLANG_WARN_OBJC_ROOT_CLASS = YES_ERROR;
				CLANG_WARN_QUOTED_INCLUDE_IN_FRAMEWORK_HEADER = YES;
				CLANG_WARN_RANGE_LOOP_ANALYSIS = YES;
				CLANG_WARN_STRICT_PROTOTYPES = YES;
				CLANG_WARN_SUSPICIOUS_MOVE = YES;
				CLANG_WARN_UNGUARDED_AVAILABILITY = YES_AGGRESSIVE;
				CLANG_WARN_UNREACHABLE_CODE = YES;
				CLANG_WARN__DUPLICATE_METHOD_MATCH = YES;
				COPY_PHASE_STRIP = NO;
				DEBUG_INFORMATION_FORMAT = dwarf;
				ENABLE_STRICT_OBJC_MSGSEND = YES;
				ENABLE_TESTABILITY = YES;
				ENABLE_USER_SCRIPT_SANDBOXING = YES;
				GCC_C_LANGUAGE_STANDARD = gnu17;
				GCC_DYNAMIC_NO_PIC = NO;
				GCC_NO_COMMON_BLOCKS = YES;
				GCC_OPTIMIZATION_LEVEL = 0;
				GCC_PREPROCESSOR_DEFINITIONS = (
					"DEBUG=1",
					"$(inherited)",
				);
				GCC_WARN_64_TO_32_BIT_CONVERSION = YES;
				GCC_WARN_ABOUT_RETURN_TYPE = YES_ERROR;
				GCC_WARN_UNDECLARED_SELECTOR = YES;
				GCC_WARN_UNINITIALIZED_AUTOS = YES_AGGRESSIVE;
				GCC_WARN_UNUSED_FUNCTION = YES;
				GCC_WARN_UNUSED_VARIABLE = YES;
				IPHONEOS_DEPLOYMENT_TARGET = 18.0;
				LOCALIZATION_PREFERS_STRING_CATALOGS = YES;
				MTL_ENABLE_DEBUG_INFO = INCLUDE_SOURCE;
				MTL_FAST_MATH = YES;
				ONLY_ACTIVE_ARCH = YES;
				SDKROOT = iphoneos;
				SWIFT_ACTIVE_COMPILATION_CONDITIONS = "DEBUG $(inherited)";
				SWIFT_OPTIMIZATION_LEVEL = "-Onone";
			};
			name = Debug;
		};
		9B2E25B72D2241EA00BCB288 /* Release */ = {
			isa = XCBuildConfiguration;
			buildSettings = {
				ALWAYS_SEARCH_USER_PATHS = NO;
				ASSETCATALOG_COMPILER_GENERATE_SWIFT_ASSET_SYMBOL_EXTENSIONS = YES;
				CLANG_ANALYZER_NONNULL = YES;
				CLANG_ANALYZER_NUMBER_OBJECT_CONVERSION = YES_AGGRESSIVE;
				CLANG_CXX_LANGUAGE_STANDARD = "gnu++20";
				CLANG_ENABLE_MODULES = YES;
				CLANG_ENABLE_OBJC_ARC = YES;
				CLANG_ENABLE_OBJC_WEAK = YES;
				CLANG_WARN_BLOCK_CAPTURE_AUTORELEASING = YES;
				CLANG_WARN_BOOL_CONVERSION = YES;
				CLANG_WARN_COMMA = YES;
				CLANG_WARN_CONSTANT_CONVERSION = YES;
				CLANG_WARN_DEPRECATED_OBJC_IMPLEMENTATIONS = YES;
				CLANG_WARN_DIRECT_OBJC_ISA_USAGE = YES_ERROR;
				CLANG_WARN_DOCUMENTATION_COMMENTS = YES;
				CLANG_WARN_EMPTY_BODY = YES;
				CLANG_WARN_ENUM_CONVERSION = YES;
				CLANG_WARN_INFINITE_RECURSION = YES;
				CLANG_WARN_INT_CONVERSION = YES;
				CLANG_WARN_NON_LITERAL_NULL_CONVERSION = YES;
				CLANG_WARN_OBJC_IMPLICIT_RETAIN_SELF = YES;
				CLANG_WARN_OBJC_LITERAL_CONVERSION = YES;
				CLANG_WARN_OBJC_ROOT_CLASS = YES_ERROR;
				CLANG_WARN_QUOTED_INCLUDE_IN_FRAMEWORK_HEADER = YES;
				CLANG_WARN_RANGE_LOOP_ANALYSIS = YES;
				CLANG_WARN_STRICT_PROTOTYPES = YES;
				CLANG_WARN_SUSPICIOUS_MOVE = YES;
				CLANG_WARN_UNGUARDED_AVAILABILITY = YES_AGGRESSIVE;
				CLANG_WARN_UNREACHABLE_CODE = YES;
				CLANG_WARN__DUPLICATE_METHOD_MATCH = YES;
				COPY_PHASE_STRIP = NO;
				DEBUG_INFORMATION_FORMAT = "dwarf-with-dsym";
				ENABLE_NS_ASSERTIONS = NO;
				ENABLE_STRICT_OBJC_MSGSEND = YES;
				ENABLE_USER_SCRIPT_SANDBOXING = YES;
				GCC_C_LANGUAGE_STANDARD = gnu17;
				GCC_NO_COMMON_BLOCKS = YES;
				GCC_WARN_64_TO_32_BIT_CONVERSION = YES;
				GCC_WARN_ABOUT_RETURN_TYPE = YES_ERROR;
				GCC_WARN_UNDECLARED_SELECTOR = YES;
				GCC_WARN_UNINITIALIZED_AUTOS = YES_AGGRESSIVE;
				GCC_WARN_UNUSED_FUNCTION = YES;
				GCC_WARN_UNUSED_VARIABLE = YES;
				IPHONEOS_DEPLOYMENT_TARGET = 18.0;
				LOCALIZATION_PREFERS_STRING_CATALOGS = YES;
				MTL_ENABLE_DEBUG_INFO = NO;
				MTL_FAST_MATH = YES;
				SDKROOT = iphoneos;
				SWIFT_COMPILATION_MODE = wholemodule;
				VALIDATE_PRODUCT = YES;
			};
			name = Release;
		};
		9B2E25B92D2241EA00BCB288 /* Debug */ = {
			isa = XCBuildConfiguration;
			buildSettings = {
				ASSETCATALOG_COMPILER_APPICON_NAME = AppIcon;
				ASSETCATALOG_COMPILER_GLOBAL_ACCENT_COLOR_NAME = AccentColor;
				CODE_SIGN_STYLE = Automatic;
				CURRENT_PROJECT_VERSION = 1;
				DEVELOPMENT_ASSET_PATHS = "\"MoneyCounter/Preview Content\"";
				DEVELOPMENT_TEAM = 3LZ2MREQLX;
				ENABLE_PREVIEWS = YES;
				GENERATE_INFOPLIST_FILE = YES;
				INFOPLIST_KEY_CFBundleDisplayName = "Money Counter - Count My Money";
				INFOPLIST_KEY_LSApplicationCategoryType = "public.app-category.utilities";
				INFOPLIST_KEY_UIApplicationSceneManifest_Generation = YES;
				INFOPLIST_KEY_UIApplicationSupportsIndirectInputEvents = YES;
				INFOPLIST_KEY_UILaunchScreen_Generation = YES;
				INFOPLIST_KEY_UISupportedInterfaceOrientations_iPad = "UIInterfaceOrientationPortrait UIInterfaceOrientationPortraitUpsideDown UIInterfaceOrientationLandscapeLeft UIInterfaceOrientationLandscapeRight";
				INFOPLIST_KEY_UISupportedInterfaceOrientations_iPhone = "UIInterfaceOrientationPortrait UIInterfaceOrientationLandscapeLeft UIInterfaceOrientationLandscapeRight";
				LD_RUNPATH_SEARCH_PATHS = (
					"$(inherited)",
					"@executable_path/Frameworks",
				);
				MARKETING_VERSION = 1.0;
				PRODUCT_BUNDLE_IDENTIFIER = com.easonchang.MoneyCounter;
				PRODUCT_NAME = "$(TARGET_NAME)";
				SWIFT_EMIT_LOC_STRINGS = YES;
				SWIFT_VERSION = 5.0;
				TARGETED_DEVICE_FAMILY = "1,2";
			};
			name = Debug;
		};
		9B2E25BA2D2241EA00BCB288 /* Release */ = {
			isa = XCBuildConfiguration;
			buildSettings = {
				ASSETCATALOG_COMPILER_APPICON_NAME = AppIcon;
				ASSETCATALOG_COMPILER_GLOBAL_ACCENT_COLOR_NAME = AccentColor;
				CODE_SIGN_STYLE = Automatic;
				CURRENT_PROJECT_VERSION = 1;
				DEVELOPMENT_ASSET_PATHS = "\"MoneyCounter/Preview Content\"";
				DEVELOPMENT_TEAM = 3LZ2MREQLX;
				ENABLE_PREVIEWS = YES;
				GENERATE_INFOPLIST_FILE = YES;
				INFOPLIST_KEY_CFBundleDisplayName = "Money Counter - Count My Money";
				INFOPLIST_KEY_LSApplicationCategoryType = "public.app-category.utilities";
				INFOPLIST_KEY_UIApplicationSceneManifest_Generation = YES;
				INFOPLIST_KEY_UIApplicationSupportsIndirectInputEvents = YES;
				INFOPLIST_KEY_UILaunchScreen_Generation = YES;
				INFOPLIST_KEY_UISupportedInterfaceOrientations_iPad = "UIInterfaceOrientationPortrait UIInterfaceOrientationPortraitUpsideDown UIInterfaceOrientationLandscapeLeft UIInterfaceOrientationLandscapeRight";
				INFOPLIST_KEY_UISupportedInterfaceOrientations_iPhone = "UIInterfaceOrientationPortrait UIInterfaceOrientationLandscapeLeft UIInterfaceOrientationLandscapeRight";
				LD_RUNPATH_SEARCH_PATHS = (
					"$(inherited)",
					"@executable_path/Frameworks",
				);
				MARKETING_VERSION = 1.0;
				PRODUCT_BUNDLE_IDENTIFIER = com.easonchang.MoneyCounter;
				PRODUCT_NAME = "$(TARGET_NAME)";
				SWIFT_EMIT_LOC_STRINGS = YES;
				SWIFT_VERSION = 5.0;
				TARGETED_DEVICE_FAMILY = "1,2";
			};
			name = Release;
		};
		9B2E25BC2D2241EA00BCB288 /* Debug */ = {
			isa = XCBuildConfiguration;
			buildSettings = {
				BUNDLE_LOADER = "$(TEST_HOST)";
				CODE_SIGN_STYLE = Automatic;
				CURRENT_PROJECT_VERSION = 1;
				DEVELOPMENT_TEAM = 3LZ2MREQLX;
				GENERATE_INFOPLIST_FILE = YES;
				IPHONEOS_DEPLOYMENT_TARGET = 18.0;
				MARKETING_VERSION = 1.0;
				PRODUCT_BUNDLE_IDENTIFIER = com.easonchang.MoneyCounterTests;
				PRODUCT_NAME = "$(TARGET_NAME)";
				SWIFT_EMIT_LOC_STRINGS = NO;
				SWIFT_VERSION = 5.0;
				TARGETED_DEVICE_FAMILY = "1,2";
				TEST_HOST = "$(BUILT_PRODUCTS_DIR)/MoneyCounter.app/$(BUNDLE_EXECUTABLE_FOLDER_PATH)/MoneyCounter";
			};
			name = Debug;
		};
		9B2E25BD2D2241EA00BCB288 /* Release */ = {
			isa = XCBuildConfiguration;
			buildSettings = {
				BUNDLE_LOADER = "$(TEST_HOST)";
				CODE_SIGN_STYLE = Automatic;
				CURRENT_PROJECT_VERSION = 1;
				DEVELOPMENT_TEAM = 3LZ2MREQLX;
				GENERATE_INFOPLIST_FILE = YES;
				IPHONEOS_DEPLOYMENT_TARGET = 18.0;
				MARKETING_VERSION = 1.0;
				PRODUCT_BUNDLE_IDENTIFIER = com.easonchang.MoneyCounterTests;
				PRODUCT_NAME = "$(TARGET_NAME)";
				SWIFT_EMIT_LOC_STRINGS = NO;
				SWIFT_VERSION = 5.0;
				TARGETED_DEVICE_FAMILY = "1,2";
				TEST_HOST = "$(BUILT_PRODUCTS_DIR)/MoneyCounter.app/$(BUNDLE_EXECUTABLE_FOLDER_PATH)/MoneyCounter";
			};
			name = Release;
		};
		9B2E25BF2D2241EA00BCB288 /* Debug */ = {
			isa = XCBuildConfiguration;
			buildSettings = {
				CODE_SIGN_STYLE = Automatic;
				CURRENT_PROJECT_VERSION = 1;
				DEVELOPMENT_TEAM = 3LZ2MREQLX;
				GENERATE_INFOPLIST_FILE = YES;
				MARKETING_VERSION = 1.0;
				PRODUCT_BUNDLE_IDENTIFIER = com.easonchang.MoneyCounterUITests;
				PRODUCT_NAME = "$(TARGET_NAME)";
				SWIFT_EMIT_LOC_STRINGS = NO;
				SWIFT_VERSION = 5.0;
				TARGETED_DEVICE_FAMILY = "1,2";
				TEST_TARGET_NAME = MoneyCounter;
			};
			name = Debug;
		};
		9B2E25C02D2241EA00BCB288 /* Release */ = {
			isa = XCBuildConfiguration;
			buildSettings = {
				CODE_SIGN_STYLE = Automatic;
				CURRENT_PROJECT_VERSION = 1;
				DEVELOPMENT_TEAM = 3LZ2MREQLX;
				GENERATE_INFOPLIST_FILE = YES;
				MARKETING_VERSION = 1.0;
				PRODUCT_BUNDLE_IDENTIFIER = com.easonchang.MoneyCounterUITests;
				PRODUCT_NAME = "$(TARGET_NAME)";
				SWIFT_EMIT_LOC_STRINGS = NO;
				SWIFT_VERSION = 5.0;
				TARGETED_DEVICE_FAMILY = "1,2";
				TEST_TARGET_NAME = MoneyCounter;
			};
			name = Release;
		};
/* End XCBuildConfiguration section */

/* Begin XCConfigurationList section */
		9B2E258D2D2241E800BCB288 /* Build configuration list for PBXProject "MoneyCounter" */ = {
			isa = XCConfigurationList;
			buildConfigurations = (
				9B2E25B62D2241EA00BCB288 /* Debug */,
				9B2E25B72D2241EA00BCB288 /* Release */,
			);
			defaultConfigurationIsVisible = 0;
			defaultConfigurationName = Release;
		};
		9B2E25B82D2241EA00BCB288 /* Build configuration list for PBXNativeTarget "MoneyCounter" */ = {
			isa = XCConfigurationList;
			buildConfigurations = (
				9B2E25B92D2241EA00BCB288 /* Debug */,
				9B2E25BA2D2241EA00BCB288 /* Release */,
			);
			defaultConfigurationIsVisible = 0;
			defaultConfigurationName = Release;
		};
		9B2E25BB2D2241EA00BCB288 /* Build configuration list for PBXNativeTarget "MoneyCounterTests" */ = {
			isa = XCConfigurationList;
			buildConfigurations = (
				9B2E25BC2D2241EA00BCB288 /* Debug */,
				9B2E25BD2D2241EA00BCB288 /* Release */,
			);
			defaultConfigurationIsVisible = 0;
			defaultConfigurationName = Release;
		};
		9B2E25BE2D2241EA00BCB288 /* Build configuration list for PBXNativeTarget "MoneyCounterUITests" */ = {
			isa = XCConfigurationList;
			buildConfigurations = (
				9B2E25BF2D2241EA00BCB288 /* Debug */,
				9B2E25C02D2241EA00BCB288 /* Release */,
			);
			defaultConfigurationIsVisible = 0;
			defaultConfigurationName = Release;
		};
/* End XCConfigurationList section */
	};
	rootObject = 9B2E258A2D2241E800BCB288 /* Project object */;
}
